
Microsoft Visual Studio Solution File, Format Version 12.00
# Visual Studio Version 17
VisualStudioVersion = 17.2.32602.215
MinimumVisualStudioVersion = 10.0.40219.1
Project("{9A19103F-16F7-4668-BE54-9A1E7A4F7556}") = "CompanyEmployees", "CompanyEmployees\CompanyEmployees.csproj", "{BE4FE4A5-47B6-47D9-9F4F-BDE70DC59CC9}"
	ProjectSection(ProjectDependencies) = postProject
		{5E2C1FD8-9E9F-423C-96CF-2482F05CA669} = {5E2C1FD8-9E9F-423C-96CF-2482F05CA669}
		{F110C116-FDCA-4737-BA03-DBC2744B033E} = {F110C116-FDCA-4737-BA03-DBC2744B033E}
	EndProjectSection
EndProject
Project("{FAE04EC0-301F-11D3-BF4B-00C04F79EFBC}") = "Contracts", "Contracts\Contracts.csproj", "{F110C116-FDCA-4737-BA03-DBC2744B033E}"
EndProject
Project("{FAE04EC0-301F-11D3-BF4B-00C04F79EFBC}") = "LoggerService", "LoggerService\LoggerService.csproj", "{5E2C1FD8-9E9F-423C-96CF-2482F05CA669}"
EndProject
Project("{FAE04EC0-301F-11D3-BF4B-00C04F79EFBC}") = "Entities", "Entities\Entities.csproj", "{CE3F59CF-945C-41E3-A171-59EC9888146F}"
EndProject
Project("{FAE04EC0-301F-11D3-BF4B-00C04F79EFBC}") = "Repository", "Repository\Repository.csproj", "{91C8B15B-23C3-42B6-BC66-700AE6ABA93B}"
EndProject
Global
	GlobalSection(SolutionConfigurationPlatforms) = preSolution
		Debug|Any CPU = Debug|Any CPU
		Release|Any CPU = Release|Any CPU
	EndGlobalSection
	GlobalSection(ProjectConfigurationPlatforms) = postSolution
		{BE4FE4A5-47B6-47D9-9F4F-BDE70DC59CC9}.Debug|Any CPU.ActiveCfg = Debug|Any CPU
		{BE4FE4A5-47B6-47D9-9F4F-BDE70DC59CC9}.Debug|Any CPU.Build.0 = Debug|Any CPU
		{BE4FE4A5-47B6-47D9-9F4F-BDE70DC59CC9}.Release|Any CPU.ActiveCfg = Release|Any CPU
		{BE4FE4A5-47B6-47D9-9F4F-BDE70DC59CC9}.Release|Any CPU.Build.0 = Release|Any CPU
		{F110C116-FDCA-4737-BA03-DBC2744B033E}.Debug|Any CPU.ActiveCfg = Debug|Any CPU
		{F110C116-FDCA-4737-BA03-DBC2744B033E}.Debug|Any CPU.Build.0 = Debug|Any CPU
		{F110C116-FDCA-4737-BA03-DBC2744B033E}.Release|Any CPU.ActiveCfg = Release|Any CPU
		{F110C116-FDCA-4737-BA03-DBC2744B033E}.Release|Any CPU.Build.0 = Release|Any CPU
		{5E2C1FD8-9E9F-423C-96CF-2482F05CA669}.Debug|Any CPU.ActiveCfg = Debug|Any CPU
		{5E2C1FD8-9E9F-423C-96CF-2482F05CA669}.Debug|Any CPU.Build.0 = Debug|Any CPU
		{5E2C1FD8-9E9F-423C-96CF-2482F05CA669}.Release|Any CPU.ActiveCfg = Release|Any CPU
		{5E2C1FD8-9E9F-423C-96CF-2482F05CA669}.Release|Any CPU.Build.0 = Release|Any CPU
		{CE3F59CF-945C-41E3-A171-59EC9888146F}.Debug|Any CPU.ActiveCfg = Debug|Any CPU
		{CE3F59CF-945C-41E3-A171-59EC9888146F}.Debug|Any CPU.Build.0 = Debug|Any CPU
		{CE3F59CF-945C-41E3-A171-59EC9888146F}.Release|Any CPU.ActiveCfg = Release|Any CPU
		{CE3F59CF-945C-41E3-A171-59EC9888146F}.Release|Any CPU.Build.0 = Release|Any CPU
		{91C8B15B-23C3-42B6-BC66-700AE6ABA93B}.Debug|Any CPU.ActiveCfg = Debug|Any CPU
		{91C8B15B-23C3-42B6-BC66-700AE6ABA93B}.Debug|Any CPU.Build.0 = Debug|Any CPU
		{91C8B15B-23C3-42B6-BC66-700AE6ABA93B}.Release|Any CPU.ActiveCfg = Release|Any CPU
		{91C8B15B-23C3-42B6-BC66-700AE6ABA93B}.Release|Any CPU.Build.0 = Release|Any CPU
	EndGlobalSection
	GlobalSection(SolutionProperties) = preSolution
		HideSolutionNode = FALSE
	EndGlobalSection
	GlobalSection(ExtensibilityGlobals) = postSolution
		SolutionGuid = {59B393F1-DB1A-4FA4-95E3-44C51E656D3D}
	EndGlobalSection
EndGlobal
